<Solution>
  <Project Path="OpenLedger.API/OpenLedger.API.csproj" Id="fd586792-f9e4-4ed7-95af-5d130cd55751" />
  <Project Path="OpenLedger.Application/OpenLedger.Application.csproj" Id="3d450392-2664-43ae-ace1-ee3eb53aa2c3" />
  <Project Path="OpenLedger.Domain/OpenLedger.Domain.csproj" />
  <Project Path="OpenLedger.Infrastructure/OpenLedger.Infrastructure.csproj" />
</Solution>
